// !$*UTF8*$!
{
	archiveVersion = 1;
	classes = {
	};
	objectVersion = 50;
	objects = {

/* Begin PBXBuildFile section */
		17BD3B24233B4BDB006D5F14 /* AppDelegate.swift in Sources */ = {isa = PBXBuildFile; fileRef = 17BD3B23233B4BDB006D5F14 /* AppDelegate.swift */; };
		17BD3B26233B4BDB006D5F14 /* SceneDelegate.swift in Sources */ = {isa = PBXBuildFile; fileRef = 17BD3B25233B4BDB006D5F14 /* SceneDelegate.swift */; };
		17BD3B28233B4BDB006D5F14 /* ViewController.swift in Sources */ = {isa = PBXBuildFile; fileRef = 17BD3B27233B4BDB006D5F14 /* ViewController.swift */; };
		17BD3B2B233B4BDB006D5F14 /* Main.storyboard in Resources */ = {isa = PBXBuildFile; fileRef = 17BD3B29233B4BDB006D5F14 /* Main.storyboard */; };
		17BD3B2D233B4BDC006D5F14 /* Assets.xcassets in Resources */ = {isa = PBXBuildFile; fileRef = 17BD3B2C233B4BDC006D5F14 /* Assets.xcassets */; };
		17BD3B30233B4BDC006D5F14 /* LaunchScreen.storyboard in Resources */ = {isa = PBXBuildFile; fileRef = 17BD3B2E233B4BDC006D5F14 /* LaunchScreen.storyboard */; };
		17BD3B38233B4D3A006D5F14 /* ConnectController.swift in Sources */ = {isa = PBXBuildFile; fileRef = 17BD3B37233B4D3A006D5F14 /* ConnectController.swift */; };
/* End PBXBuildFile section */

/* Begin PBXFileReference section */
		17BD3B20233B4BDB006D5F14 /* ios-sample-webview.app */ = {isa = PBXFileReference; explicitFileType = wrapper.application; includeInIndex = 0; path = "ios-sample-webview.app"; sourceTree = BUILT_PRODUCTS_DIR; };
		17BD3B23233B4BDB006D5F14 /* AppDelegate.swift */ = {isa = PBXFileReference; lastKnownFileType = sourcecode.swift; path = AppDelegate.swift; sourceTree = "<group>"; };
		17BD3B25233B4BDB006D5F14 /* SceneDelegate.swift */ = {isa = PBXFileReference; lastKnownFileType = sourcecode.swift; path = SceneDelegate.swift; sourceTree = "<group>"; };
		17BD3B27233B4BDB006D5F14 /* ViewController.swift */ = {isa = PBXFileReference; lastKnownFileType = sourcecode.swift; path = ViewController.swift; sourceTree = "<group>"; };
		17BD3B2A233B4BDB006D5F14 /* Base */ = {isa = PBXFileReference; lastKnownFileType = file.storyboard; name = Base; path = Base.lproj/Main.storyboard; sourceTree = "<group>"; };
		17BD3B2C233B4BDC006D5F14 /* Assets.xcassets */ = {isa = PBXFileReference; lastKnownFileType = folder.assetcatalog; path = Assets.xcassets; sourceTree = "<group>"; };
		17BD3B2F233B4BDC006D5F14 /* Base */ = {isa = PBXFileReference; lastKnownFileType = file.storyboard; name = Base; path = Base.lproj/LaunchScreen.storyboard; sourceTree = "<group>"; };
		17BD3B31233B4BDC006D5F14 /* Info.plist */ = {isa = PBXFileReference; lastKnownFileType = text.plist.xml; path = Info.plist; sourceTree = "<group>"; };
		17BD3B37233B4D3A006D5F14 /* ConnectController.swift */ = {isa = PBXFileReference; lastKnownFileType = sourcecode.swift; path = ConnectController.swift; sourceTree = "<group>"; };
/* End PBXFileReference section */

/* Begin PBXFrameworksBuildPhase section */
		17BD3B1D233B4BDB006D5F14 /* Frameworks */ = {
			isa = PBXFrameworksBuildPhase;
			buildActionMask = 2147483647;
			files = (
			);
			runOnlyForDeploymentPostprocessing = 0;
		};
/* End PBXFrameworksBuildPhase section */

/* Begin PBXGroup section */
		17BD3B17233B4BDB006D5F14 = {
			isa = PBXGroup;
			children = (
				17BD3B22233B4BDB006D5F14 /* ios-sample-webview */,
				17BD3B21233B4BDB006D5F14 /* Products */,
			);
			sourceTree = "<group>";
		};
		17BD3B21233B4BDB006D5F14 /* Products */ = {
			isa = PBXGroup;
			children = (
				17BD3B20233B4BDB006D5F14 /* ios-sample-webview.app */,
			);
			name = Products;
			sourceTree = "<group>";
		};
		17BD3B22233B4BDB006D5F14 /* ios-sample-webview */ = {
			isa = PBXGroup;
			children = (
				17BD3B37233B4D3A006D5F14 /* ConnectController.swift */,
				17BD3B23233B4BDB006D5F14 /* AppDelegate.swift */,
				17BD3B25233B4BDB006D5F14 /* SceneDelegate.swift */,
				17BD3B27233B4BDB006D5F14 /* ViewController.swift */,
				17BD3B29233B4BDB006D5F14 /* Main.storyboard */,
				17BD3B2C233B4BDC006D5F14 /* Assets.xcassets */,
				17BD3B2E233B4BDC006D5F14 /* LaunchScreen.storyboard */,
				17BD3B31233B4BDC006D5F14 /* Info.plist */,
			);
			path = "ios-sample-webview";
			sourceTree = "<group>";
		};
/* End PBXGroup section */

/* Begin PBXNativeTarget section */
		17BD3B1F233B4BDB006D5F14 /* ios-sample-webview */ = {
			isa = PBXNativeTarget;
			buildConfigurationList = 17BD3B34233B4BDC006D5F14 /* Build configuration list for PBXNativeTarget "ios-sample-webview" */;
			buildPhases = (
				17BD3B1C233B4BDB006D5F14 /* Sources */,
				17BD3B1D233B4BDB006D5F14 /* Frameworks */,
				17BD3B1E233B4BDB006D5F14 /* Resources */,
			);
			buildRules = (
			);
			dependencies = (
			);
			name = "ios-sample-webview";
			productName = "ios-sample-webview";
			productReference = 17BD3B20233B4BDB006D5F14 /* ios-sample-webview.app */;
			productType = "com.apple.product-type.application";
		};
/* End PBXNativeTarget section */

/* Begin PBXProject section */
		17BD3B18233B4BDB006D5F14 /* Project object */ = {
			isa = PBXProject;
			attributes = {
				LastSwiftUpdateCheck = 1100;
				LastUpgradeCheck = 1100;
				ORGANIZATIONNAME = dapi;
				TargetAttributes = {
					17BD3B1F233B4BDB006D5F14 = {
						CreatedOnToolsVersion = 11.0;
					};
				};
			};
			buildConfigurationList = 17BD3B1B233B4BDB006D5F14 /* Build configuration list for PBXProject "ios-sample-webview" */;
			compatibilityVersion = "Xcode 9.3";
			developmentRegion = en;
			hasScannedForEncodings = 0;
			knownRegions = (
				en,
				Base,
			);
			mainGroup = 17BD3B17233B4BDB006D5F14;
			productRefGroup = 17BD3B21233B4BDB006D5F14 /* Products */;
			projectDirPath = "";
			projectRoot = "";
			targets = (
				17BD3B1F233B4BDB006D5F14 /* ios-sample-webview */,
			);
		};
/* End PBXProject section */

/* Begin PBXResourcesBuildPhase section */
		17BD3B1E233B4BDB006D5F14 /* Resources */ = {
			isa = PBXResourcesBuildPhase;
			buildActionMask = 2147483647;
			files = (
				17BD3B30233B4BDC006D5F14 /* LaunchScreen.storyboard in Resources */,
				17BD3B2D233B4BDC006D5F14 /* Assets.xcassets in Resources */,
				17BD3B2B233B4BDB006D5F14 /* Main.storyboard in Resources */,
			);
			runOnlyForDeploymentPostprocessing = 0;
		};
/* End PBXResourcesBuildPhase section */

/* Begin PBXSourcesBuildPhase section */
		17BD3B1C233B4BDB006D5F14 /* Sources */ = {
			isa = PBXSourcesBuildPhase;
			buildActionMask = 2147483647;
			files = (
				17BD3B38233B4D3A006D5F14 /* ConnectController.swift in Sources */,
				17BD3B28233B4BDB006D5F14 /* ViewController.swift in Sources */,
				17BD3B24233B4BDB006D5F14 /* AppDelegate.swift in Sources */,
				17BD3B26233B4BDB006D5F14 /* SceneDelegate.swift in Sources */,
			);
			runOnlyForDeploymentPostprocessing = 0;
		};
/* End PBXSourcesBuildPhase section */

/* Begin PBXVariantGroup section */
		17BD3B29233B4BDB006D5F14 /* Main.storyboard */ = {
			isa = PBXVariantGroup;
			children = (
				17BD3B2A233B4BDB006D5F14 /* Base */,
			);
			name = Main.storyboard;
			sourceTree = "<group>";
		};
		17BD3B2E233B4BDC006D5F14 /* LaunchScreen.storyboard */ = {
			isa = PBXVariantGroup;
			children = (
				17BD3B2F233B4BDC006D5F14 /* Base */,
			);
			name = LaunchScreen.storyboard;
			sourceTree = "<group>";
		};
/* End PBXVariantGroup section */

/* Begin XCBuildConfiguration section */
		17BD3B32233B4BDC006D5F14 /* Debug */ = {
			isa = XCBuildConfiguration;
			buildSettings = {
				ALWAYS_SEARCH_USER_PATHS = NO;
				CLANG_ANALYZER_NONNULL = YES;
				CLANG_ANALYZER_NUMBER_OBJECT_CONVERSION = YES_AGGRESSIVE;
				CLANG_CXX_LANGUAGE_STANDARD = "gnu++14";
				CLANG_CXX_LIBRARY = "libc++";
				CLANG_ENABLE_MODULES = YES;
				CLANG_ENABLE_OBJC_ARC = YES;
				CLANG_ENABLE_OBJC_WEAK = YES;
				CLANG_WARN_BLOCK_CAPTURE_AUTORELEASING = YES;
				CLANG_WARN_BOOL_CONVERSION = YES;
				CLANG_WARN_COMMA = YES;
				CLANG_WARN_CONSTANT_CONVERSION = YES;
				CLANG_WARN_DEPRECATED_OBJC_IMPLEMENTATIONS = YES;
				CLANG_WARN_DIRECT_OBJC_ISA_USAGE = YES_ERROR;
				CLANG_WARN_DOCUMENTATION_COMMENTS = YES;
				CLANG_WARN_EMPTY_BODY = YES;
				CLANG_WARN_ENUM_CONVERSION = YES;
				CLANG_WARN_INFINITE_RECURSION = YES;
				CLANG_WARN_INT_CONVERSION = YES;
				CLANG_WARN_NON_LITERAL_NULL_CONVERSION = YES;
				CLANG_WARN_OBJC_IMPLICIT_RETAIN_SELF = YES;
				CLANG_WARN_OBJC_LITERAL_CONVERSION = YES;
				CLANG_WARN_OBJC_ROOT_CLASS = YES_ERROR;
				CLANG_WARN_RANGE_LOOP_ANALYSIS = YES;
				CLANG_WARN_STRICT_PROTOTYPES = YES;
				CLANG_WARN_SUSPICIOUS_MOVE = YES;
				CLANG_WARN_UNGUARDED_AVAILABILITY = YES_AGGRESSIVE;
				CLANG_WARN_UNREACHABLE_CODE = YES;
				CLANG_WARN__DUPLICATE_METHOD_MATCH = YES;
				COPY_PHASE_STRIP = NO;
				DEBUG_INFORMATION_FORMAT = dwarf;
				ENABLE_STRICT_OBJC_MSGSEND = YES;
				ENABLE_TESTABILITY = YES;
				GCC_C_LANGUAGE_STANDARD = gnu11;
				GCC_DYNAMIC_NO_PIC = NO;
				GCC_NO_COMMON_BLOCKS = YES;
				GCC_OPTIMIZATION_LEVEL = 0;
				GCC_PREPROCESSOR_DEFINITIONS = (
					"DEBUG=1",
					"$(inherited)",
				);
				GCC_WARN_64_TO_32_BIT_CONVERSION = YES;
				GCC_WARN_ABOUT_RETURN_TYPE = YES_ERROR;
				GCC_WARN_UNDECLARED_SELECTOR = YES;
				GCC_WARN_UNINITIALIZED_AUTOS = YES_AGGRESSIVE;
				GCC_WARN_UNUSED_FUNCTION = YES;
				GCC_WARN_UNUSED_VARIABLE = YES;
				IPHONEOS_DEPLOYMENT_TARGET = 13.0;
				MTL_ENABLE_DEBUG_INFO = INCLUDE_SOURCE;
				MTL_FAST_MATH = YES;
				ONLY_ACTIVE_ARCH = YES;
				SDKROOT = iphoneos;
				SWIFT_ACTIVE_COMPILATION_CONDITIONS = DEBUG;
				SWIFT_OPTIMIZATION_LEVEL = "-Onone";
			};
			name = Debug;
		};
		17BD3B33233B4BDC006D5F14 /* Release */ = {
			isa = XCBuildConfiguration;
			buildSettings = {
				ALWAYS_SEARCH_USER_PATHS = NO;
				CLANG_ANALYZER_NONNULL = YES;
				CLANG_ANALYZER_NUMBER_OBJECT_CONVERSION = YES_AGGRESSIVE;
				CLANG_CXX_LANGUAGE_STANDARD = "gnu++14";
				CLANG_CXX_LIBRARY = "libc++";
				CLANG_ENABLE_MODULES = YES;
				CLANG_ENABLE_OBJC_ARC = YES;
				CLANG_ENABLE_OBJC_WEAK = YES;
				CLANG_WARN_BLOCK_CAPTURE_AUTORELEASING = YES;
				CLANG_WARN_BOOL_CONVERSION = YES;
				CLANG_WARN_COMMA = YES;
				CLANG_WARN_CONSTANT_CONVERSION = YES;
				CLANG_WARN_DEPRECATED_OBJC_IMPLEMENTATIONS = YES;
				CLANG_WARN_DIRECT_OBJC_ISA_USAGE = YES_ERROR;
				CLANG_WARN_DOCUMENTATION_COMMENTS = YES;
				CLANG_WARN_EMPTY_BODY = YES;
				CLANG_WARN_ENUM_CONVERSION = YES;
				CLANG_WARN_INFINITE_RECURSION = YES;
				CLANG_WARN_INT_CONVERSION = YES;
				CLANG_WARN_NON_LITERAL_NULL_CONVERSION = YES;
				CLANG_WARN_OBJC_IMPLICIT_RETAIN_SELF = YES;
				CLANG_WARN_OBJC_LITERAL_CONVERSION = YES;
				CLANG_WARN_OBJC_ROOT_CLASS = YES_ERROR;
				CLANG_WARN_RANGE_LOOP_ANALYSIS = YES;
				CLANG_WARN_STRICT_PROTOTYPES = YES;
				CLANG_WARN_SUSPICIOUS_MOVE = YES;
				CLANG_WARN_UNGUARDED_AVAILABILITY = YES_AGGRESSIVE;
				CLANG_WARN_UNREACHABLE_CODE = YES;
				CLANG_WARN__DUPLICATE_METHOD_MATCH = YES;
				COPY_PHASE_STRIP = NO;
				DEBUG_INFORMATION_FORMAT = "dwarf-with-dsym";
				ENABLE_NS_ASSERTIONS = NO;
				ENABLE_STRICT_OBJC_MSGSEND = YES;
				GCC_C_LANGUAGE_STANDARD = gnu11;
				GCC_NO_COMMON_BLOCKS = YES;
				GCC_WARN_64_TO_32_BIT_CONVERSION = YES;
				GCC_WARN_ABOUT_RETURN_TYPE = YES_ERROR;
				GCC_WARN_UNDECLARED_SELECTOR = YES;
				GCC_WARN_UNINITIALIZED_AUTOS = YES_AGGRESSIVE;
				GCC_WARN_UNUSED_FUNCTION = YES;
				GCC_WARN_UNUSED_VARIABLE = YES;
				IPHONEOS_DEPLOYMENT_TARGET = 13.0;
				MTL_ENABLE_DEBUG_INFO = NO;
				MTL_FAST_MATH = YES;
				SDKROOT = iphoneos;
				SWIFT_COMPILATION_MODE = wholemodule;
				SWIFT_OPTIMIZATION_LEVEL = "-O";
				VALIDATE_PRODUCT = YES;
			};
			name = Release;
		};
		17BD3B35233B4BDC006D5F14 /* Debug */ = {
			isa = XCBuildConfiguration;
			buildSettings = {
				ASSETCATALOG_COMPILER_APPICON_NAME = AppIcon;
				CODE_SIGN_STYLE = Automatic;
				INFOPLIST_FILE = "ios-sample-webview/Info.plist";
				LD_RUNPATH_SEARCH_PATHS = (
					"$(inherited)",
					"@executable_path/Frameworks",
				);
				PRODUCT_BUNDLE_IDENTIFIER = "com.dapi.ios-sample-webview";
				PRODUCT_NAME = "$(TARGET_NAME)";
				SWIFT_VERSION = 5.0;
				TARGETED_DEVICE_FAMILY = "1,2";
			};
			name = Debug;
		};
		17BD3B36233B4BDC006D5F14 /* Release */ = {
			isa = XCBuildConfiguration;
			buildSettings = {
				ASSETCATALOG_COMPILER_APPICON_NAME = AppIcon;
				CODE_SIGN_STYLE = Automatic;
				INFOPLIST_FILE = "ios-sample-webview/Info.plist";
				LD_RUNPATH_SEARCH_PATHS = (
					"$(inherited)",
					"@executable_path/Frameworks",
				);
				PRODUCT_BUNDLE_IDENTIFIER = "com.dapi.ios-sample-webview";
				PRODUCT_NAME = "$(TARGET_NAME)";
				SWIFT_VERSION = 5.0;
				TARGETED_DEVICE_FAMILY = "1,2";
			};
			name = Release;
		};
/* End XCBuildConfiguration section */

/* Begin XCConfigurationList section */
		17BD3B1B233B4BDB006D5F14 /* Build configuration list for PBXProject "ios-sample-webview" */ = {
			isa = XCConfigurationList;
			buildConfigurations = (
				17BD3B32233B4BDC006D5F14 /* Debug */,
				17BD3B33233B4BDC006D5F14 /* Release */,
			);
			defaultConfigurationIsVisible = 0;
			defaultConfigurationName = Release;
		};
		17BD3B34233B4BDC006D5F14 /* Build configuration list for PBXNativeTarget "ios-sample-webview" */ = {
			isa = XCConfigurationList;
			buildConfigurations = (
				17BD3B35233B4BDC006D5F14 /* Debug */,
				17BD3B36233B4BDC006D5F14 /* Release */,
			);
			defaultConfigurationIsVisible = 0;
			defaultConfigurationName = Release;
		};
/* End XCConfigurationList section */
	};
	rootObject = 17BD3B18233B4BDB006D5F14 /* Project object */;
}
